{
  "name": "parser-csv-json",
  "version": "1.0.0",
  "lockfileVersion": 1,
  "requires": true,
  "dependencies": {
    "google-libphonenumber": {
      "version": "3.0.11",
      "resolved": "https://registry.npmjs.org/google-libphonenumber/-/google-libphonenumber-3.0.11.tgz",
      "integrity": "sha512-8t+wawodrBM3E5i2zr15OjiwGTGFdVR4BJR1VL6M2pyNPmhFnh1Mfqmg5wmU4akboLHHUQWkK2n5DGkh4N448A=="
    },
    "lodash": {
      "version": "4.17.5",
      "resolved": "https://registry.npmjs.org/lodash/-/lodash-4.17.5.tgz",
      "integrity": "sha512-svL3uiZf1RwhH+cWrfZn3A4+U58wbP0tGVTLQPbjplZxZ8ROD9VLuNgsRniTlLe7OlSqR79RUehXgpBW/s0IQw=="
    }
  }
}
